{
  "version": 4,
  "terraform_version": "1.14.3",
  "serial": 45,
  "lineage": "9b811928-b72f-2900-edad-7750b18183a3",
  "outputs": {
    "ec2_backend_sg_id": {
      "value": "sg-0d89c712cb41d7630",
      "type": "string"
    },
    "ec2_instance_profile_name": {
      "value": "codesafe-ec2-profile",
      "type": "string"
    },
    "ec2_public_dns": {
      "value": "ec2-52-41-30-201.us-west-2.compute.amazonaws.com",
      "type": "string"
    },
    "ec2_public_ip": {
      "value": "52.41.30.201",
      "type": "string"
    },
    "lab_role_arn": {
      "value": "arn:aws:iam::471112634889:role/LabRole",
      "type": "string"
    },
    "lambda_sg_id": {
      "value": "sg-04e797e7c341f5047",
      "type": "string"
    },
    "private_subnet_id": {
      "value": "subnet-0373c2dc441adf6ac",
      "type": "string"
    },
    "public_subnet_id": {
      "value": "subnet-06c4b793119f0e7de",
      "type": "string"
    },
    "vpc_id": {
      "value": "vpc-0a939cb47934d2f90",
      "type": "string"
    }
  },
  "resources": [
    {
      "mode": "data",
      "type": "aws_ami",
      "name": "amazon_linux",
      "provider": "provider[\"registry.terraform.io/hashicorp/aws\"]",
      "instances": [
        {
          "schema_version": 0,
          "attributes": {
            "architecture": "x86_64",
            "arn": "arn:aws:ec2:us-west-2::image/ami-014d82945a82dfba3",
            "block_device_mappings": [
              {
                "device_name": "/dev/xvda",
                "ebs": {
                  "delete_on_termination": "true",
                  "encrypted": "false",
                  "iops": "3000",
                  "snapshot_id": "snap-0abc4b500f156584e",
                  "throughput": "125",
                  "volume_initialization_rate": "0",
                  "volume_size": "8",
                  "volume_type": "gp3"
                },
                "no_device": "",
                "virtual_name": ""
              }
            ],
            "boot_mode": "uefi-preferred",
            "creation_date": "2026-03-27T02:35:15.000Z",
            "deprecation_time": "2026-06-25T02:35:00.000Z",
            "description": "Amazon Linux 2023 AMI 2023.10.20260325.0 x86_64 HVM kernel-6.1",
            "ena_support": true,
            "executable_users": null,
            "filter": [
              {
                "name": "name",
                "values": [
                  "al2023-ami-*-x86_64"
                ]
              },
              {
                "name": "state",
                "values": [
                  "available"
                ]
              }
            ],
            "hypervisor": "xen",
            "id": "ami-014d82945a82dfba3",
            "image_id": "ami-014d82945a82dfba3",
            "image_location": "amazon/al2023-ami-2023.10.20260325.0-kernel-6.1-x86_64",
            "image_owner_alias": "amazon",
            "image_type": "machine",
            "imds_support": "v2.0",
            "include_deprecated": false,
            "kernel_id": "",
            "last_launched_time": "",
            "most_recent": true,
            "name": "al2023-ami-2023.10.20260325.0-kernel-6.1-x86_64",
            "name_regex": null,
            "owner_id": "137112412989",
            "owners": [
              "amazon"
            ],
            "platform": "",
            "platform_details": "Linux/UNIX",
            "product_codes": [],
            "public": true,
            "ramdisk_id": "",
            "root_device_name": "/dev/xvda",
            "root_device_type": "ebs",
            "root_snapshot_id": "snap-0abc4b500f156584e",
            "sriov_net_support": "simple",
            "state": "available",
            "state_reason": {
              "code": "UNSET",
              "message": "UNSET"
            },
            "tags": {},
            "timeouts": null,
            "tpm_support": "",
            "uefi_data": null,
            "usage_operation": "RunInstances",
            "virtualization_type": "hvm"
          },
          "sensitive_attributes": [],
          "identity_schema_version": 0
        }
      ]
    },
    {
      "mode": "data",
      "type": "aws_iam_role",
      "name": "lab_role",
      "provider": "provider[\"registry.terraform.io/hashicorp/aws\"]",
      "instances": [
        {
          "schema_version": 0,
          "attributes": {
            "arn": "arn:aws:iam::471112634889:role/LabRole",
            "assume_role_policy": "{\"Version\":\"2012-10-17\",\"Statement\":[{\"Effect\":\"Allow\",\"Principal\":{\"Service\":[\"sns.amazonaws.com\",\"lambda.amazonaws.com\",\"rekognition.amazonaws.com\",\"iotanalytics.amazonaws.com\",\"ecs-tasks.amazonaws.com\",\"codecommit.amazonaws.com\",\"iotevents.amazonaws.com\",\"databrew.amazonaws.com\",\"events.amazonaws.com\",\"elasticfilesystem.amazonaws.com\",\"application-autoscaling.amazonaws.com\",\"elasticloadbalancing.amazonaws.com\",\"eks.amazonaws.com\",\"cloud9.amazonaws.com\",\"credentials.iot.amazonaws.com\",\"backup.amazonaws.com\",\"apigateway.amazonaws.com\",\"pipes.amazonaws.com\",\"codewhisperer.amazonaws.com\",\"autoscaling.amazonaws.com\",\"servicecatalog.amazonaws.com\",\"resource-groups.amazonaws.com\",\"iot.amazonaws.com\",\"ec2.amazonaws.com\",\"forecast.amazonaws.com\",\"rds.amazonaws.com\",\"elasticbeanstalk.amazonaws.com\",\"kms.amazonaws.com\",\"ssm.amazonaws.com\",\"athena.amazonaws.com\",\"scheduler.amazonaws.com\",\"secretsmanager.amazonaws.com\",\"codedeploy.amazonaws.com\",\"batch.amazonaws.com\",\"sqs.amazonaws.com\",\"redshift.amazonaws.com\",\"s3.amazonaws.com\",\"ecs.amazonaws.com\",\"ec2.application-autoscaling.amazonaws.com\",\"states.amazonaws.com\",\"cloudformation.amazonaws.com\",\"kinesis.amazonaws.com\",\"logs.amazonaws.com\",\"firehose.amazonaws.com\",\"sagemaker.amazonaws.com\",\"cloudtrail.amazonaws.com\",\"eks-fargate-pods.amazonaws.com\",\"kinesisanalytics.amazonaws.com\",\"elasticmapreduce.amazonaws.com\",\"cognito-idp.amazonaws.com\",\"glue.amazonaws.com\",\"dynamodb.amazonaws.com\",\"deepracer.amazonaws.com\"],\"AWS\":\"arn:aws:iam::471112634889:role/LabRole\"},\"Action\":\"sts:AssumeRole\"}]}",
            "create_date": "2026-03-27T23:29:43Z",
            "description": "",
            "id": "LabRole",
            "max_session_duration": 3600,
            "name": "LabRole",
            "path": "/",
            "permissions_boundary": "",
            "role_last_used": [
              {
                "last_used_date": "2026-03-27T23:39:49Z",
                "region": "us-west-2"
              }
            ],
            "tags": {
              "cloudlab": "c208150a5291213l14425636t1w471112634889"
            },
            "unique_id": "AROAW3MEAKIEUJV3MM66B"
          },
          "sensitive_attributes": [],
          "identity_schema_version": 0
        }
      ]
    },
    {
      "mode": "managed",
      "type": "aws_iam_instance_profile",
      "name": "ec2",
      "provider": "provider[\"registry.terraform.io/hashicorp/aws\"]",
      "instances": [
        {
          "schema_version": 0,
          "attributes": {
            "arn": "arn:aws:iam::471112634889:instance-profile/codesafe-ec2-profile",
            "create_date": "2026-03-27T23:36:23Z",
            "id": "codesafe-ec2-profile",
            "name": "codesafe-ec2-profile",
            "name_prefix": "",
            "path": "/",
            "role": "LabRole",
            "tags": {},
            "tags_all": {},
            "unique_id": "AIPAW3MEAKIEW6JS46KAU"
          },
          "sensitive_attributes": [],
          "identity_schema_version": 0,
          "private": "bnVsbA==",
          "dependencies": [
            "data.aws_iam_role.lab_role"
          ]
        }
      ]
    },
    {
      "mode": "managed",
      "type": "aws_instance",
      "name": "backend",
      "provider": "provider[\"registry.terraform.io/hashicorp/aws\"]",
      "instances": [
        {
          "schema_version": 1,
          "attributes": {
            "ami": "ami-014d82945a82dfba3",
            "arn": "arn:aws:ec2:us-west-2:471112634889:instance/i-0e501aa07e2cabc32",
            "associate_public_ip_address": true,
            "availability_zone": "us-west-2a",
            "capacity_reservation_specification": [
              {
                "capacity_reservation_preference": "open",
                "capacity_reservation_target": []
              }
            ],
            "cpu_core_count": 1,
            "cpu_options": [
              {
                "amd_sev_snp": "",
                "core_count": 1,
                "threads_per_core": 1
              }
            ],
            "cpu_threads_per_core": 1,
            "credit_specification": [
              {
                "cpu_credits": "standard"
              }
            ],
            "disable_api_stop": false,
            "disable_api_termination": false,
            "ebs_block_device": [],
            "ebs_optimized": false,
            "enable_primary_ipv6": null,
            "enclave_options": [
              {
                "enabled": false
              }
            ],
            "ephemeral_block_device": [],
            "get_password_data": false,
            "hibernation": false,
            "host_id": "",
            "host_resource_group_arn": null,
            "iam_instance_profile": "codesafe-ec2-profile",
            "id": "i-0e501aa07e2cabc32",
            "instance_initiated_shutdown_behavior": "stop",
            "instance_lifecycle": "",
            "instance_market_options": [],
            "instance_state": "running",
            "instance_type": "t2.micro",
            "ipv6_address_count": 0,
            "ipv6_addresses": [],
            "key_name": "",
            "launch_template": [],
            "maintenance_options": [
              {
                "auto_recovery": "default"
              }
            ],
            "metadata_options": [
              {
                "http_endpoint": "enabled",
                "http_protocol_ipv6": "disabled",
                "http_put_response_hop_limit": 2,
                "http_tokens": "required",
                "instance_metadata_tags": "disabled"
              }
            ],
            "monitoring": false,
            "network_interface": [],
            "outpost_arn": "",
            "password_data": "",
            "placement_group": "",
            "placement_partition_number": 0,
            "primary_network_interface_id": "eni-035e6d09f04fa6794",
            "private_dns": "ip-10-0-1-237.us-west-2.compute.internal",
            "private_dns_name_options": [
              {
                "enable_resource_name_dns_a_record": false,
                "enable_resource_name_dns_aaaa_record": false,
                "hostname_type": "ip-name"
              }
            ],
            "private_ip": "10.0.1.237",
            "public_dns": "ec2-52-41-30-201.us-west-2.compute.amazonaws.com",
            "public_ip": "52.41.30.201",
            "root_block_device": [
              {
                "delete_on_termination": true,
                "device_name": "/dev/xvda",
                "encrypted": false,
                "iops": 3000,
                "kms_key_id": "",
                "tags": {},
                "tags_all": {},
                "throughput": 125,
                "volume_id": "vol-05b9b0ebca5345019",
                "volume_size": 8,
                "volume_type": "gp3"
              }
            ],
            "secondary_private_ips": [],
            "security_groups": [],
            "source_dest_check": true,
            "spot_instance_request_id": "",
            "subnet_id": "subnet-06c4b793119f0e7de",
            "tags": {
              "Name": "codesafe-backend"
            },
            "tags_all": {
              "Name": "codesafe-backend"
            },
            "tenancy": "default",
            "timeouts": null,
            "user_data": "e7e4742a6cb3fec538f1868efc0bf307daa6236a",
            "user_data_base64": null,
            "user_data_replace_on_change": false,
            "volume_tags": null,
            "vpc_security_group_ids": [
              "sg-0d89c712cb41d7630"
            ]
          },
          "sensitive_attributes": [],
          "identity_schema_version": 0,
          "private": "eyJlMmJmYjczMC1lY2FhLTExZTYtOGY4OC0zNDM2M2JjN2M0YzAiOnsiY3JlYXRlIjo2MDAwMDAwMDAwMDAsImRlbGV0ZSI6MTIwMDAwMDAwMDAwMCwicmVhZCI6OTAwMDAwMDAwMDAwLCJ1cGRhdGUiOjYwMDAwMDAwMDAwMH0sInNjaGVtYV92ZXJzaW9uIjoiMSJ9",
          "dependencies": [
            "aws_iam_instance_profile.ec2",
            "aws_security_group.ec2_backend",
            "aws_subnet.public",
            "aws_vpc.main",
            "data.aws_ami.amazon_linux",
            "data.aws_iam_role.lab_role"
          ]
        }
      ]
    },
    {
      "mode": "managed",
      "type": "aws_internet_gateway",
      "name": "main",
      "provider": "provider[\"registry.terraform.io/hashicorp/aws\"]",
      "instances": [
        {
          "schema_version": 0,
          "attributes": {
            "arn": "arn:aws:ec2:us-west-2:471112634889:internet-gateway/igw-09b51b0023d50e21b",
            "id": "igw-09b51b0023d50e21b",
            "owner_id": "471112634889",
            "tags": {
              "Name": "codesafe-igw"
            },
            "tags_all": {
              "Name": "codesafe-igw"
            },
            "timeouts": null,
            "vpc_id": "vpc-0a939cb47934d2f90"
          },
          "sensitive_attributes": [],
          "identity_schema_version": 0,
          "private": "eyJlMmJmYjczMC1lY2FhLTExZTYtOGY4OC0zNDM2M2JjN2M0YzAiOnsiY3JlYXRlIjoxMjAwMDAwMDAwMDAwLCJkZWxldGUiOjEyMDAwMDAwMDAwMDAsInVwZGF0ZSI6MTIwMDAwMDAwMDAwMH19",
          "dependencies": [
            "aws_vpc.main"
          ]
        }
      ]
    },
    {
      "mode": "managed",
      "type": "aws_route_table",
      "name": "private",
      "provider": "provider[\"registry.terraform.io/hashicorp/aws\"]",
      "instances": [
        {
          "schema_version": 0,
          "attributes": {
            "arn": "arn:aws:ec2:us-west-2:471112634889:route-table/rtb-02c21e8232108ac31",
            "id": "rtb-02c21e8232108ac31",
            "owner_id": "471112634889",
            "propagating_vgws": [],
            "route": [],
            "tags": {
              "Name": "codesafe-private-rt"
            },
            "tags_all": {
              "Name": "codesafe-private-rt"
            },
            "timeouts": null,
            "vpc_id": "vpc-0a939cb47934d2f90"
          },
          "sensitive_attributes": [],
          "identity_schema_version": 0,
          "private": "eyJlMmJmYjczMC1lY2FhLTExZTYtOGY4OC0zNDM2M2JjN2M0YzAiOnsiY3JlYXRlIjozMDAwMDAwMDAwMDAsImRlbGV0ZSI6MzAwMDAwMDAwMDAwLCJ1cGRhdGUiOjEyMDAwMDAwMDAwMH19",
          "dependencies": [
            "aws_vpc.main"
          ]
        }
      ]
    },
    {
      "mode": "managed",
      "type": "aws_route_table",
      "name": "public",
      "provider": "provider[\"registry.terraform.io/hashicorp/aws\"]",
      "instances": [
        {
          "schema_version": 0,
          "attributes": {
            "arn": "arn:aws:ec2:us-west-2:471112634889:route-table/rtb-05c2bbe58f387504a",
            "id": "rtb-05c2bbe58f387504a",
            "owner_id": "471112634889",
            "propagating_vgws": [],
            "route": [
              {
                "carrier_gateway_id": "",
                "cidr_block": "0.0.0.0/0",
                "core_network_arn": "",
                "destination_prefix_list_id": "",
                "egress_only_gateway_id": "",
                "gateway_id": "igw-09b51b0023d50e21b",
                "ipv6_cidr_block": "",
                "local_gateway_id": "",
                "nat_gateway_id": "",
                "network_interface_id": "",
                "transit_gateway_id": "",
                "vpc_endpoint_id": "",
                "vpc_peering_connection_id": ""
              }
            ],
            "tags": {
              "Name": "codesafe-public-rt"
            },
            "tags_all": {
              "Name": "codesafe-public-rt"
            },
            "timeouts": null,
            "vpc_id": "vpc-0a939cb47934d2f90"
          },
          "sensitive_attributes": [],
          "identity_schema_version": 0,
          "private": "eyJlMmJmYjczMC1lY2FhLTExZTYtOGY4OC0zNDM2M2JjN2M0YzAiOnsiY3JlYXRlIjozMDAwMDAwMDAwMDAsImRlbGV0ZSI6MzAwMDAwMDAwMDAwLCJ1cGRhdGUiOjEyMDAwMDAwMDAwMH19",
          "dependencies": [
            "aws_internet_gateway.main",
            "aws_vpc.main"
          ]
        }
      ]
    },
    {
      "mode": "managed",
      "type": "aws_route_table_association",
      "name": "private",
      "provider": "provider[\"registry.terraform.io/hashicorp/aws\"]",
      "instances": [
        {
          "schema_version": 0,
          "attributes": {
            "gateway_id": "",
            "id": "rtbassoc-0e89c58b571825eb9",
            "route_table_id": "rtb-02c21e8232108ac31",
            "subnet_id": "subnet-0373c2dc441adf6ac",
            "timeouts": null
          },
          "sensitive_attributes": [],
          "identity_schema_version": 0,
          "private": "eyJlMmJmYjczMC1lY2FhLTExZTYtOGY4OC0zNDM2M2JjN2M0YzAiOnsiY3JlYXRlIjozMDAwMDAwMDAwMDAsImRlbGV0ZSI6MzAwMDAwMDAwMDAwLCJ1cGRhdGUiOjEyMDAwMDAwMDAwMH19",
          "dependencies": [
            "aws_route_table.private",
            "aws_subnet.private",
            "aws_vpc.main"
          ]
        }
      ]
    },
    {
      "mode": "managed",
      "type": "aws_route_table_association",
      "name": "public",
      "provider": "provider[\"registry.terraform.io/hashicorp/aws\"]",
      "instances": [
        {
          "schema_version": 0,
          "attributes": {
            "gateway_id": "",
            "id": "rtbassoc-03ed1f31d00e95dc8",
            "route_table_id": "rtb-05c2bbe58f387504a",
            "subnet_id": "subnet-06c4b793119f0e7de",
            "timeouts": null
          },
          "sensitive_attributes": [],
          "identity_schema_version": 0,
          "private": "eyJlMmJmYjczMC1lY2FhLTExZTYtOGY4OC0zNDM2M2JjN2M0YzAiOnsiY3JlYXRlIjozMDAwMDAwMDAwMDAsImRlbGV0ZSI6MzAwMDAwMDAwMDAwLCJ1cGRhdGUiOjEyMDAwMDAwMDAwMH19",
          "dependencies": [
            "aws_internet_gateway.main",
            "aws_route_table.public",
            "aws_subnet.public",
            "aws_vpc.main"
          ]
        }
      ]
    },
    {
      "mode": "managed",
      "type": "aws_security_group",
      "name": "ec2_backend",
      "provider": "provider[\"registry.terraform.io/hashicorp/aws\"]",
      "instances": [
        {
          "schema_version": 1,
          "attributes": {
            "arn": "arn:aws:ec2:us-west-2:471112634889:security-group/sg-0d89c712cb41d7630",
            "description": "Allow inbound HTTPS and app port; allow all outbound",
            "egress": [
              {
                "cidr_blocks": [
                  "0.0.0.0/0"
                ],
                "description": "",
                "from_port": 0,
                "ipv6_cidr_blocks": [],
                "prefix_list_ids": [],
                "protocol": "-1",
                "security_groups": [],
                "self": false,
                "to_port": 0
              }
            ],
            "id": "sg-0d89c712cb41d7630",
            "ingress": [
              {
                "cidr_blocks": [
                  "0.0.0.0/0"
                ],
                "description": "App port",
                "from_port": 3000,
                "ipv6_cidr_blocks": [],
                "prefix_list_ids": [],
                "protocol": "tcp",
                "security_groups": [],
                "self": false,
                "to_port": 3000
              },
              {
                "cidr_blocks": [
                  "0.0.0.0/0"
                ],
                "description": "HTTPS",
                "from_port": 443,
                "ipv6_cidr_blocks": [],
                "prefix_list_ids": [],
                "protocol": "tcp",
                "security_groups": [],
                "self": false,
                "to_port": 443
              },
              {
                "cidr_blocks": [
                  "0.0.0.0/0"
                ],
                "description": "SSH",
                "from_port": 22,
                "ipv6_cidr_blocks": [],
                "prefix_list_ids": [],
                "protocol": "tcp",
                "security_groups": [],
                "self": false,
                "to_port": 22
              }
            ],
            "name": "codesafe-ec2-backend-sg",
            "name_prefix": "",
            "owner_id": "471112634889",
            "revoke_rules_on_delete": false,
            "tags": {
              "Name": "codesafe-ec2-backend-sg"
            },
            "tags_all": {
              "Name": "codesafe-ec2-backend-sg"
            },
            "timeouts": null,
            "vpc_id": "vpc-0a939cb47934d2f90"
          },
          "sensitive_attributes": [],
          "identity_schema_version": 0,
          "private": "eyJlMmJmYjczMC1lY2FhLTExZTYtOGY4OC0zNDM2M2JjN2M0YzAiOnsiY3JlYXRlIjo2MDAwMDAwMDAwMDAsImRlbGV0ZSI6OTAwMDAwMDAwMDAwfSwic2NoZW1hX3ZlcnNpb24iOiIxIn0=",
          "dependencies": [
            "aws_vpc.main"
          ]
        }
      ]
    },
    {
      "mode": "managed",
      "type": "aws_security_group",
      "name": "lambda",
      "provider": "provider[\"registry.terraform.io/hashicorp/aws\"]",
      "instances": [
        {
          "schema_version": 1,
          "attributes": {
            "arn": "arn:aws:ec2:us-west-2:471112634889:security-group/sg-04e797e7c341f5047",
            "description": "Lambda functions - outbound only",
            "egress": [
              {
                "cidr_blocks": [
                  "0.0.0.0/0"
                ],
                "description": "",
                "from_port": 0,
                "ipv6_cidr_blocks": [],
                "prefix_list_ids": [],
                "protocol": "-1",
                "security_groups": [],
                "self": false,
                "to_port": 0
              }
            ],
            "id": "sg-04e797e7c341f5047",
            "ingress": [],
            "name": "codesafe-lambda-sg",
            "name_prefix": "",
            "owner_id": "471112634889",
            "revoke_rules_on_delete": false,
            "tags": {
              "Name": "codesafe-lambda-sg"
            },
            "tags_all": {
              "Name": "codesafe-lambda-sg"
            },
            "timeouts": null,
            "vpc_id": "vpc-0a939cb47934d2f90"
          },
          "sensitive_attributes": [],
          "identity_schema_version": 0,
          "private": "eyJlMmJmYjczMC1lY2FhLTExZTYtOGY4OC0zNDM2M2JjN2M0YzAiOnsiY3JlYXRlIjo2MDAwMDAwMDAwMDAsImRlbGV0ZSI6OTAwMDAwMDAwMDAwfSwic2NoZW1hX3ZlcnNpb24iOiIxIn0=",
          "dependencies": [
            "aws_vpc.main"
          ]
        }
      ]
    },
    {
      "mode": "managed",
      "type": "aws_subnet",
      "name": "private",
      "provider": "provider[\"registry.terraform.io/hashicorp/aws\"]",
      "instances": [
        {
          "schema_version": 1,
          "attributes": {
            "arn": "arn:aws:ec2:us-west-2:471112634889:subnet/subnet-0373c2dc441adf6ac",
            "assign_ipv6_address_on_creation": false,
            "availability_zone": "us-west-2a",
            "availability_zone_id": "usw2-az1",
            "cidr_block": "10.0.2.0/24",
            "customer_owned_ipv4_pool": "",
            "enable_dns64": false,
            "enable_lni_at_device_index": 0,
            "enable_resource_name_dns_a_record_on_launch": false,
            "enable_resource_name_dns_aaaa_record_on_launch": false,
            "id": "subnet-0373c2dc441adf6ac",
            "ipv6_cidr_block": "",
            "ipv6_cidr_block_association_id": "",
            "ipv6_native": false,
            "map_customer_owned_ip_on_launch": false,
            "map_public_ip_on_launch": false,
            "outpost_arn": "",
            "owner_id": "471112634889",
            "private_dns_hostname_type_on_launch": "ip-name",
            "tags": {
              "Name": "codesafe-private-subnet"
            },
            "tags_all": {
              "Name": "codesafe-private-subnet"
            },
            "timeouts": null,
            "vpc_id": "vpc-0a939cb47934d2f90"
          },
          "sensitive_attributes": [],
          "identity_schema_version": 0,
          "private": "eyJlMmJmYjczMC1lY2FhLTExZTYtOGY4OC0zNDM2M2JjN2M0YzAiOnsiY3JlYXRlIjo2MDAwMDAwMDAwMDAsImRlbGV0ZSI6MTIwMDAwMDAwMDAwMH0sInNjaGVtYV92ZXJzaW9uIjoiMSJ9",
          "dependencies": [
            "aws_vpc.main"
          ]
        }
      ]
    },
    {
      "mode": "managed",
      "type": "aws_subnet",
      "name": "public",
      "provider": "provider[\"registry.terraform.io/hashicorp/aws\"]",
      "instances": [
        {
          "schema_version": 1,
          "attributes": {
            "arn": "arn:aws:ec2:us-west-2:471112634889:subnet/subnet-06c4b793119f0e7de",
            "assign_ipv6_address_on_creation": false,
            "availability_zone": "us-west-2a",
            "availability_zone_id": "usw2-az1",
            "cidr_block": "10.0.1.0/24",
            "customer_owned_ipv4_pool": "",
            "enable_dns64": false,
            "enable_lni_at_device_index": 0,
            "enable_resource_name_dns_a_record_on_launch": false,
            "enable_resource_name_dns_aaaa_record_on_launch": false,
            "id": "subnet-06c4b793119f0e7de",
            "ipv6_cidr_block": "",
            "ipv6_cidr_block_association_id": "",
            "ipv6_native": false,
            "map_customer_owned_ip_on_launch": false,
            "map_public_ip_on_launch": true,
            "outpost_arn": "",
            "owner_id": "471112634889",
            "private_dns_hostname_type_on_launch": "ip-name",
            "tags": {
              "Name": "codesafe-public-subnet"
            },
            "tags_all": {
              "Name": "codesafe-public-subnet"
            },
            "timeouts": null,
            "vpc_id": "vpc-0a939cb47934d2f90"
          },
          "sensitive_attributes": [],
          "identity_schema_version": 0,
          "private": "eyJlMmJmYjczMC1lY2FhLTExZTYtOGY4OC0zNDM2M2JjN2M0YzAiOnsiY3JlYXRlIjo2MDAwMDAwMDAwMDAsImRlbGV0ZSI6MTIwMDAwMDAwMDAwMH0sInNjaGVtYV92ZXJzaW9uIjoiMSJ9",
          "dependencies": [
            "aws_vpc.main"
          ]
        }
      ]
    },
    {
      "mode": "managed",
      "type": "aws_vpc",
      "name": "main",
      "provider": "provider[\"registry.terraform.io/hashicorp/aws\"]",
      "instances": [
        {
          "schema_version": 1,
          "attributes": {
            "arn": "arn:aws:ec2:us-west-2:471112634889:vpc/vpc-0a939cb47934d2f90",
            "assign_generated_ipv6_cidr_block": false,
            "cidr_block": "10.0.0.0/16",
            "default_network_acl_id": "acl-07a4959fc4aa9aaa7",
            "default_route_table_id": "rtb-07d44d6890bc66e76",
            "default_security_group_id": "sg-00d0c680e1f4edaf0",
            "dhcp_options_id": "dopt-081ce65ef1ba1f08d",
            "enable_dns_hostnames": true,
            "enable_dns_support": true,
            "enable_network_address_usage_metrics": false,
            "id": "vpc-0a939cb47934d2f90",
            "instance_tenancy": "default",
            "ipv4_ipam_pool_id": null,
            "ipv4_netmask_length": null,
            "ipv6_association_id": "",
            "ipv6_cidr_block": "",
            "ipv6_cidr_block_network_border_group": "",
            "ipv6_ipam_pool_id": "",
            "ipv6_netmask_length": 0,
            "main_route_table_id": "rtb-07d44d6890bc66e76",
            "owner_id": "471112634889",
            "tags": {
              "Name": "codesafe-vpc"
            },
            "tags_all": {
              "Name": "codesafe-vpc"
            }
          },
          "sensitive_attributes": [],
          "identity_schema_version": 0,
          "private": "eyJzY2hlbWFfdmVyc2lvbiI6IjEifQ=="
        }
      ]
    }
  ],
  "check_results": null
}
