{
  "version": 4,
  "terraform_version": "1.14.3",
  "serial": 66,
  "lineage": "9b811928-b72f-2900-edad-7750b18183a3",
  "outputs": {
    "ec2_backend_sg_id": {
      "value": "sg-0aab0ca3ef7318cfe",
      "type": "string"
    },
    "ec2_instance_profile_name": {
      "value": "codesafe-ec2-profile",
      "type": "string"
    },
    "ec2_public_dns": {
      "value": "ec2-3-81-159-211.compute-1.amazonaws.com",
      "type": "string"
    },
    "ec2_public_ip": {
      "value": "3.81.159.211",
      "type": "string"
    },
    "lab_role_arn": {
      "value": "arn:aws:iam::471112634889:role/LabRole",
      "type": "string"
    },
    "lambda_sg_id": {
      "value": "sg-07f41c668b63b6018",
      "type": "string"
    },
    "private_subnet_id": {
      "value": "subnet-0ca19a59b209e3e45",
      "type": "string"
    },
    "public_subnet_id": {
      "value": "subnet-0539f5e2d4a0eed76",
      "type": "string"
    },
    "vpc_id": {
      "value": "vpc-04acceeebdbcf33e4",
      "type": "string"
    }
  },
  "resources": [
    {
      "mode": "data",
      "type": "aws_ami",
      "name": "amazon_linux",
      "provider": "provider[\"registry.terraform.io/hashicorp/aws\"]",
      "instances": [
        {
          "schema_version": 0,
          "attributes": {
            "architecture": "x86_64",
            "arn": "arn:aws:ec2:us-east-1::image/ami-08b09ec6240624138",
            "block_device_mappings": [
              {
                "device_name": "/dev/xvda",
                "ebs": {
                  "delete_on_termination": "true",
                  "encrypted": "false",
                  "iops": "3000",
                  "snapshot_id": "snap-0fbaae7a30601602e",
                  "throughput": "125",
                  "volume_initialization_rate": "0",
                  "volume_size": "2",
                  "volume_type": "gp3"
                },
                "no_device": "",
                "virtual_name": ""
              }
            ],
            "boot_mode": "uefi-preferred",
            "creation_date": "2026-03-27T02:54:23.000Z",
            "deprecation_time": "2026-06-25T02:59:00.000Z",
            "description": "Amazon Linux 2023 AMI 2023.10.20260325.0 x86_64 Minimal HVM kernel-6.18",
            "ena_support": true,
            "executable_users": null,
            "filter": [
              {
                "name": "name",
                "values": [
                  "al2023-ami-*-x86_64"
                ]
              },
              {
                "name": "state",
                "values": [
                  "available"
                ]
              }
            ],
            "hypervisor": "xen",
            "id": "ami-08b09ec6240624138",
            "image_id": "ami-08b09ec6240624138",
            "image_location": "amazon/al2023-ami-minimal-2023.10.20260325.0-kernel-6.18-x86_64",
            "image_owner_alias": "amazon",
            "image_type": "machine",
            "imds_support": "v2.0",
            "include_deprecated": false,
            "kernel_id": "",
            "last_launched_time": "",
            "most_recent": true,
            "name": "al2023-ami-minimal-2023.10.20260325.0-kernel-6.18-x86_64",
            "name_regex": null,
            "owner_id": "137112412989",
            "owners": [
              "amazon"
            ],
            "platform": "",
            "platform_details": "Linux/UNIX",
            "product_codes": [],
            "public": true,
            "ramdisk_id": "",
            "root_device_name": "/dev/xvda",
            "root_device_type": "ebs",
            "root_snapshot_id": "snap-0fbaae7a30601602e",
            "sriov_net_support": "simple",
            "state": "available",
            "state_reason": {
              "code": "UNSET",
              "message": "UNSET"
            },
            "tags": {},
            "timeouts": null,
            "tpm_support": "",
            "uefi_data": null,
            "usage_operation": "RunInstances",
            "virtualization_type": "hvm"
          },
          "sensitive_attributes": [],
          "identity_schema_version": 0
        }
      ]
    },
    {
      "mode": "data",
      "type": "aws_iam_role",
      "name": "lab_role",
      "provider": "provider[\"registry.terraform.io/hashicorp/aws\"]",
      "instances": [
        {
          "schema_version": 0,
          "attributes": {
            "arn": "arn:aws:iam::471112634889:role/LabRole",
            "assume_role_policy": "{\"Version\":\"2012-10-17\",\"Statement\":[{\"Effect\":\"Allow\",\"Principal\":{\"Service\":[\"credentials.iot.amazonaws.com\",\"glue.amazonaws.com\",\"ec2.amazonaws.com\",\"logs.amazonaws.com\",\"cloudtrail.amazonaws.com\",\"cloud9.amazonaws.com\",\"codewhisperer.amazonaws.com\",\"iot.amazonaws.com\",\"ssm.amazonaws.com\",\"dynamodb.amazonaws.com\",\"ecs.amazonaws.com\",\"redshift.amazonaws.com\",\"lambda.amazonaws.com\",\"athena.amazonaws.com\",\"kms.amazonaws.com\",\"databrew.amazonaws.com\",\"secretsmanager.amazonaws.com\",\"ec2.application-autoscaling.amazonaws.com\",\"kinesis.amazonaws.com\",\"elasticfilesystem.amazonaws.com\",\"iotanalytics.amazonaws.com\",\"sns.amazonaws.com\",\"sqs.amazonaws.com\",\"rekognition.amazonaws.com\",\"eks.amazonaws.com\",\"codedeploy.amazonaws.com\",\"cloudformation.amazonaws.com\",\"elasticloadbalancing.amazonaws.com\",\"application-autoscaling.amazonaws.com\",\"firehose.amazonaws.com\",\"cognito-idp.amazonaws.com\",\"eks-fargate-pods.amazonaws.com\",\"s3.amazonaws.com\",\"apigateway.amazonaws.com\",\"sagemaker.amazonaws.com\",\"autoscaling.amazonaws.com\",\"batch.amazonaws.com\",\"scheduler.amazonaws.com\",\"pipes.amazonaws.com\",\"resource-groups.amazonaws.com\",\"elasticmapreduce.amazonaws.com\",\"rds.amazonaws.com\",\"backup.amazonaws.com\",\"servicecatalog.amazonaws.com\",\"forecast.amazonaws.com\",\"kinesisanalytics.amazonaws.com\",\"deepracer.amazonaws.com\",\"elasticbeanstalk.amazonaws.com\",\"events.amazonaws.com\",\"ecs-tasks.amazonaws.com\",\"codecommit.amazonaws.com\",\"iotevents.amazonaws.com\",\"states.amazonaws.com\"],\"AWS\":\"arn:aws:iam::471112634889:role/LabRole\"},\"Action\":\"sts:AssumeRole\"}]}",
            "create_date": "2026-03-27T23:29:43Z",
            "description": "",
            "id": "LabRole",
            "max_session_duration": 3600,
            "name": "LabRole",
            "path": "/",
            "permissions_boundary": "",
            "role_last_used": [
              {
                "last_used_date": "2026-03-28T03:23:46Z",
                "region": "us-west-2"
              }
            ],
            "tags": {
              "cloudlab": "c208150a5291213l14425636t1w471112634889"
            },
            "unique_id": "AROAW3MEAKIEUJV3MM66B"
          },
          "sensitive_attributes": [],
          "identity_schema_version": 0
        }
      ]
    },
    {
      "mode": "managed",
      "type": "aws_dynamodb_table",
      "name": "pentest_results",
      "provider": "provider[\"registry.terraform.io/hashicorp/aws\"]",
      "instances": [
        {
          "schema_version": 1,
          "attributes": {
            "arn": "arn:aws:dynamodb:us-east-1:471112634889:table/codesafe-pentest-results",
            "attribute": [
              {
                "name": "jobId",
                "type": "S"
              },
              {
                "name": "targetId",
                "type": "S"
              },
              {
                "name": "testName",
                "type": "S"
              },
              {
                "name": "timestamp",
                "type": "S"
              }
            ],
            "billing_mode": "PAY_PER_REQUEST",
            "deletion_protection_enabled": false,
            "global_secondary_index": [
              {
                "hash_key": "targetId",
                "name": "targetId-timestamp-index",
                "non_key_attributes": [],
                "on_demand_throughput": [],
                "projection_type": "ALL",
                "range_key": "timestamp",
                "read_capacity": 0,
                "write_capacity": 0
              }
            ],
            "hash_key": "jobId",
            "id": "codesafe-pentest-results",
            "import_table": [],
            "local_secondary_index": [],
            "name": "codesafe-pentest-results",
            "on_demand_throughput": [],
            "point_in_time_recovery": [
              {
                "enabled": false,
                "recovery_period_in_days": 0
              }
            ],
            "range_key": "testName",
            "read_capacity": 0,
            "replica": [],
            "restore_date_time": null,
            "restore_source_name": null,
            "restore_source_table_arn": null,
            "restore_to_latest_time": null,
            "server_side_encryption": [],
            "stream_arn": "",
            "stream_enabled": false,
            "stream_label": "",
            "stream_view_type": "",
            "table_class": "STANDARD",
            "tags": {
              "Name": "codesafe-pentest-results"
            },
            "tags_all": {
              "Name": "codesafe-pentest-results"
            },
            "timeouts": null,
            "ttl": [
              {
                "attribute_name": "",
                "enabled": false
              }
            ],
            "write_capacity": 0
          },
          "sensitive_attributes": [],
          "identity_schema_version": 0,
          "private": "eyJlMmJmYjczMC1lY2FhLTExZTYtOGY4OC0zNDM2M2JjN2M0YzAiOnsiY3JlYXRlIjoxODAwMDAwMDAwMDAwLCJkZWxldGUiOjYwMDAwMDAwMDAwMCwidXBkYXRlIjozNjAwMDAwMDAwMDAwfSwic2NoZW1hX3ZlcnNpb24iOiIxIn0="
        }
      ]
    },
    {
      "mode": "managed",
      "type": "aws_dynamodb_table",
      "name": "repos",
      "provider": "provider[\"registry.terraform.io/hashicorp/aws\"]",
      "instances": [
        {
          "schema_version": 1,
          "attributes": {
            "arn": "arn:aws:dynamodb:us-east-1:471112634889:table/codesafe-repos",
            "attribute": [
              {
                "name": "repoId",
                "type": "S"
              }
            ],
            "billing_mode": "PAY_PER_REQUEST",
            "deletion_protection_enabled": false,
            "global_secondary_index": [],
            "hash_key": "repoId",
            "id": "codesafe-repos",
            "import_table": [],
            "local_secondary_index": [],
            "name": "codesafe-repos",
            "on_demand_throughput": [],
            "point_in_time_recovery": [
              {
                "enabled": false,
                "recovery_period_in_days": 0
              }
            ],
            "range_key": null,
            "read_capacity": 0,
            "replica": [],
            "restore_date_time": null,
            "restore_source_name": null,
            "restore_source_table_arn": null,
            "restore_to_latest_time": null,
            "server_side_encryption": [],
            "stream_arn": "",
            "stream_enabled": false,
            "stream_label": "",
            "stream_view_type": "",
            "table_class": "STANDARD",
            "tags": {
              "Name": "codesafe-repos"
            },
            "tags_all": {
              "Name": "codesafe-repos"
            },
            "timeouts": null,
            "ttl": [
              {
                "attribute_name": "",
                "enabled": false
              }
            ],
            "write_capacity": 0
          },
          "sensitive_attributes": [],
          "identity_schema_version": 0,
          "private": "eyJlMmJmYjczMC1lY2FhLTExZTYtOGY4OC0zNDM2M2JjN2M0YzAiOnsiY3JlYXRlIjoxODAwMDAwMDAwMDAwLCJkZWxldGUiOjYwMDAwMDAwMDAwMCwidXBkYXRlIjozNjAwMDAwMDAwMDAwfSwic2NoZW1hX3ZlcnNpb24iOiIxIn0="
        }
      ]
    },
    {
      "mode": "managed",
      "type": "aws_dynamodb_table",
      "name": "scans",
      "provider": "provider[\"registry.terraform.io/hashicorp/aws\"]",
      "instances": [
        {
          "schema_version": 1,
          "attributes": {
            "arn": "arn:aws:dynamodb:us-east-1:471112634889:table/codesafe-scans",
            "attribute": [
              {
                "name": "repoId",
                "type": "S"
              },
              {
                "name": "scanId",
                "type": "S"
              },
              {
                "name": "timestamp",
                "type": "S"
              }
            ],
            "billing_mode": "PAY_PER_REQUEST",
            "deletion_protection_enabled": false,
            "global_secondary_index": [
              {
                "hash_key": "repoId",
                "name": "repoId-timestamp-index",
                "non_key_attributes": [],
                "on_demand_throughput": [],
                "projection_type": "ALL",
                "range_key": "timestamp",
                "read_capacity": 0,
                "write_capacity": 0
              }
            ],
            "hash_key": "scanId",
            "id": "codesafe-scans",
            "import_table": [],
            "local_secondary_index": [],
            "name": "codesafe-scans",
            "on_demand_throughput": [],
            "point_in_time_recovery": [
              {
                "enabled": false,
                "recovery_period_in_days": 0
              }
            ],
            "range_key": null,
            "read_capacity": 0,
            "replica": [],
            "restore_date_time": null,
            "restore_source_name": null,
            "restore_source_table_arn": null,
            "restore_to_latest_time": null,
            "server_side_encryption": [],
            "stream_arn": "",
            "stream_enabled": false,
            "stream_label": "",
            "stream_view_type": "",
            "table_class": "STANDARD",
            "tags": {
              "Name": "codesafe-scans"
            },
            "tags_all": {
              "Name": "codesafe-scans"
            },
            "timeouts": null,
            "ttl": [
              {
                "attribute_name": "",
                "enabled": false
              }
            ],
            "write_capacity": 0
          },
          "sensitive_attributes": [],
          "identity_schema_version": 0,
          "private": "eyJlMmJmYjczMC1lY2FhLTExZTYtOGY4OC0zNDM2M2JjN2M0YzAiOnsiY3JlYXRlIjoxODAwMDAwMDAwMDAwLCJkZWxldGUiOjYwMDAwMDAwMDAwMCwidXBkYXRlIjozNjAwMDAwMDAwMDAwfSwic2NoZW1hX3ZlcnNpb24iOiIxIn0="
        }
      ]
    },
    {
      "mode": "managed",
      "type": "aws_dynamodb_table",
      "name": "schedules",
      "provider": "provider[\"registry.terraform.io/hashicorp/aws\"]",
      "instances": [
        {
          "schema_version": 1,
          "attributes": {
            "arn": "arn:aws:dynamodb:us-east-1:471112634889:table/codesafe-schedules",
            "attribute": [
              {
                "name": "scheduleId",
                "type": "S"
              }
            ],
            "billing_mode": "PAY_PER_REQUEST",
            "deletion_protection_enabled": false,
            "global_secondary_index": [],
            "hash_key": "scheduleId",
            "id": "codesafe-schedules",
            "import_table": [],
            "local_secondary_index": [],
            "name": "codesafe-schedules",
            "on_demand_throughput": [],
            "point_in_time_recovery": [
              {
                "enabled": false,
                "recovery_period_in_days": 0
              }
            ],
            "range_key": null,
            "read_capacity": 0,
            "replica": [],
            "restore_date_time": null,
            "restore_source_name": null,
            "restore_source_table_arn": null,
            "restore_to_latest_time": null,
            "server_side_encryption": [],
            "stream_arn": "",
            "stream_enabled": false,
            "stream_label": "",
            "stream_view_type": "",
            "table_class": "STANDARD",
            "tags": {
              "Name": "codesafe-schedules"
            },
            "tags_all": {
              "Name": "codesafe-schedules"
            },
            "timeouts": null,
            "ttl": [
              {
                "attribute_name": "",
                "enabled": false
              }
            ],
            "write_capacity": 0
          },
          "sensitive_attributes": [],
          "identity_schema_version": 0,
          "private": "eyJlMmJmYjczMC1lY2FhLTExZTYtOGY4OC0zNDM2M2JjN2M0YzAiOnsiY3JlYXRlIjoxODAwMDAwMDAwMDAwLCJkZWxldGUiOjYwMDAwMDAwMDAwMCwidXBkYXRlIjozNjAwMDAwMDAwMDAwfSwic2NoZW1hX3ZlcnNpb24iOiIxIn0="
        }
      ]
    },
    {
      "mode": "managed",
      "type": "aws_iam_instance_profile",
      "name": "ec2",
      "provider": "provider[\"registry.terraform.io/hashicorp/aws\"]",
      "instances": [
        {
          "schema_version": 0,
          "attributes": {
            "arn": "arn:aws:iam::471112634889:instance-profile/codesafe-ec2-profile",
            "create_date": "2026-03-28T03:29:56Z",
            "id": "codesafe-ec2-profile",
            "name": "codesafe-ec2-profile",
            "name_prefix": "",
            "path": "/",
            "role": "LabRole",
            "tags": null,
            "tags_all": {},
            "unique_id": "AIPAW3MEAKIE6UDG7AP6S"
          },
          "sensitive_attributes": [],
          "identity_schema_version": 0,
          "private": "bnVsbA==",
          "dependencies": [
            "data.aws_iam_role.lab_role"
          ]
        }
      ]
    },
    {
      "mode": "managed",
      "type": "aws_instance",
      "name": "backend",
      "provider": "provider[\"registry.terraform.io/hashicorp/aws\"]",
      "instances": [
        {
          "schema_version": 1,
          "attributes": {
            "ami": "ami-08b09ec6240624138",
            "arn": "arn:aws:ec2:us-east-1:471112634889:instance/i-0a3c133664e092106",
            "associate_public_ip_address": true,
            "availability_zone": "us-east-1a",
            "capacity_reservation_specification": [
              {
                "capacity_reservation_preference": "open",
                "capacity_reservation_target": []
              }
            ],
            "cpu_core_count": 1,
            "cpu_options": [
              {
                "amd_sev_snp": "",
                "core_count": 1,
                "threads_per_core": 1
              }
            ],
            "cpu_threads_per_core": 1,
            "credit_specification": [
              {
                "cpu_credits": "standard"
              }
            ],
            "disable_api_stop": false,
            "disable_api_termination": false,
            "ebs_block_device": [],
            "ebs_optimized": false,
            "enable_primary_ipv6": null,
            "enclave_options": [
              {
                "enabled": false
              }
            ],
            "ephemeral_block_device": [],
            "get_password_data": false,
            "hibernation": false,
            "host_id": "",
            "host_resource_group_arn": null,
            "iam_instance_profile": "codesafe-ec2-profile",
            "id": "i-0a3c133664e092106",
            "instance_initiated_shutdown_behavior": "stop",
            "instance_lifecycle": "",
            "instance_market_options": [],
            "instance_state": "running",
            "instance_type": "t2.micro",
            "ipv6_address_count": 0,
            "ipv6_addresses": [],
            "key_name": "",
            "launch_template": [],
            "maintenance_options": [
              {
                "auto_recovery": "default"
              }
            ],
            "metadata_options": [
              {
                "http_endpoint": "enabled",
                "http_protocol_ipv6": "disabled",
                "http_put_response_hop_limit": 2,
                "http_tokens": "required",
                "instance_metadata_tags": "disabled"
              }
            ],
            "monitoring": false,
            "network_interface": [],
            "outpost_arn": "",
            "password_data": "",
            "placement_group": "",
            "placement_partition_number": 0,
            "primary_network_interface_id": "eni-0139b7931cf63f1a3",
            "private_dns": "ip-10-0-1-194.ec2.internal",
            "private_dns_name_options": [
              {
                "enable_resource_name_dns_a_record": false,
                "enable_resource_name_dns_aaaa_record": false,
                "hostname_type": "ip-name"
              }
            ],
            "private_ip": "10.0.1.194",
            "public_dns": "ec2-3-81-159-211.compute-1.amazonaws.com",
            "public_ip": "3.81.159.211",
            "root_block_device": [
              {
                "delete_on_termination": true,
                "device_name": "/dev/xvda",
                "encrypted": false,
                "iops": 3000,
                "kms_key_id": "",
                "tags": {},
                "tags_all": {},
                "throughput": 125,
                "volume_id": "vol-0cdd5899a1d52e2ce",
                "volume_size": 2,
                "volume_type": "gp3"
              }
            ],
            "secondary_private_ips": [],
            "security_groups": [],
            "source_dest_check": true,
            "spot_instance_request_id": "",
            "subnet_id": "subnet-0539f5e2d4a0eed76",
            "tags": {
              "Name": "codesafe-backend"
            },
            "tags_all": {
              "Name": "codesafe-backend"
            },
            "tenancy": "default",
            "timeouts": null,
            "user_data": "0f538c463e042063dcc67d709e6251bf6f4543f4",
            "user_data_base64": null,
            "user_data_replace_on_change": false,
            "volume_tags": null,
            "vpc_security_group_ids": [
              "sg-0aab0ca3ef7318cfe"
            ]
          },
          "sensitive_attributes": [],
          "identity_schema_version": 0,
          "private": "eyJlMmJmYjczMC1lY2FhLTExZTYtOGY4OC0zNDM2M2JjN2M0YzAiOnsiY3JlYXRlIjo2MDAwMDAwMDAwMDAsImRlbGV0ZSI6MTIwMDAwMDAwMDAwMCwicmVhZCI6OTAwMDAwMDAwMDAwLCJ1cGRhdGUiOjYwMDAwMDAwMDAwMH0sInNjaGVtYV92ZXJzaW9uIjoiMSJ9",
          "dependencies": [
            "aws_dynamodb_table.pentest_results",
            "aws_dynamodb_table.repos",
            "aws_dynamodb_table.scans",
            "aws_dynamodb_table.schedules",
            "aws_iam_instance_profile.ec2",
            "aws_security_group.ec2_backend",
            "aws_subnet.public",
            "aws_vpc.main",
            "data.aws_ami.amazon_linux",
            "data.aws_iam_role.lab_role"
          ]
        }
      ]
    },
    {
      "mode": "managed",
      "type": "aws_internet_gateway",
      "name": "main",
      "provider": "provider[\"registry.terraform.io/hashicorp/aws\"]",
      "instances": [
        {
          "schema_version": 0,
          "attributes": {
            "arn": "arn:aws:ec2:us-east-1:471112634889:internet-gateway/igw-0b648b3a4e4acea7b",
            "id": "igw-0b648b3a4e4acea7b",
            "owner_id": "471112634889",
            "tags": {
              "Name": "codesafe-igw"
            },
            "tags_all": {
              "Name": "codesafe-igw"
            },
            "timeouts": null,
            "vpc_id": "vpc-04acceeebdbcf33e4"
          },
          "sensitive_attributes": [],
          "identity_schema_version": 0,
          "private": "eyJlMmJmYjczMC1lY2FhLTExZTYtOGY4OC0zNDM2M2JjN2M0YzAiOnsiY3JlYXRlIjoxMjAwMDAwMDAwMDAwLCJkZWxldGUiOjEyMDAwMDAwMDAwMDAsInVwZGF0ZSI6MTIwMDAwMDAwMDAwMH19",
          "dependencies": [
            "aws_vpc.main"
          ]
        }
      ]
    },
    {
      "mode": "managed",
      "type": "aws_route_table",
      "name": "private",
      "provider": "provider[\"registry.terraform.io/hashicorp/aws\"]",
      "instances": [
        {
          "schema_version": 0,
          "attributes": {
            "arn": "arn:aws:ec2:us-east-1:471112634889:route-table/rtb-0e77160ce2a3e87f2",
            "id": "rtb-0e77160ce2a3e87f2",
            "owner_id": "471112634889",
            "propagating_vgws": [],
            "route": [],
            "tags": {
              "Name": "codesafe-private-rt"
            },
            "tags_all": {
              "Name": "codesafe-private-rt"
            },
            "timeouts": null,
            "vpc_id": "vpc-04acceeebdbcf33e4"
          },
          "sensitive_attributes": [],
          "identity_schema_version": 0,
          "private": "eyJlMmJmYjczMC1lY2FhLTExZTYtOGY4OC0zNDM2M2JjN2M0YzAiOnsiY3JlYXRlIjozMDAwMDAwMDAwMDAsImRlbGV0ZSI6MzAwMDAwMDAwMDAwLCJ1cGRhdGUiOjEyMDAwMDAwMDAwMH19",
          "dependencies": [
            "aws_vpc.main"
          ]
        }
      ]
    },
    {
      "mode": "managed",
      "type": "aws_route_table",
      "name": "public",
      "provider": "provider[\"registry.terraform.io/hashicorp/aws\"]",
      "instances": [
        {
          "schema_version": 0,
          "attributes": {
            "arn": "arn:aws:ec2:us-east-1:471112634889:route-table/rtb-0165e9d1c637a9201",
            "id": "rtb-0165e9d1c637a9201",
            "owner_id": "471112634889",
            "propagating_vgws": [],
            "route": [
              {
                "carrier_gateway_id": "",
                "cidr_block": "0.0.0.0/0",
                "core_network_arn": "",
                "destination_prefix_list_id": "",
                "egress_only_gateway_id": "",
                "gateway_id": "igw-0b648b3a4e4acea7b",
                "ipv6_cidr_block": "",
                "local_gateway_id": "",
                "nat_gateway_id": "",
                "network_interface_id": "",
                "transit_gateway_id": "",
                "vpc_endpoint_id": "",
                "vpc_peering_connection_id": ""
              }
            ],
            "tags": {
              "Name": "codesafe-public-rt"
            },
            "tags_all": {
              "Name": "codesafe-public-rt"
            },
            "timeouts": null,
            "vpc_id": "vpc-04acceeebdbcf33e4"
          },
          "sensitive_attributes": [],
          "identity_schema_version": 0,
          "private": "eyJlMmJmYjczMC1lY2FhLTExZTYtOGY4OC0zNDM2M2JjN2M0YzAiOnsiY3JlYXRlIjozMDAwMDAwMDAwMDAsImRlbGV0ZSI6MzAwMDAwMDAwMDAwLCJ1cGRhdGUiOjEyMDAwMDAwMDAwMH19",
          "dependencies": [
            "aws_internet_gateway.main",
            "aws_vpc.main"
          ]
        }
      ]
    },
    {
      "mode": "managed",
      "type": "aws_route_table_association",
      "name": "private",
      "provider": "provider[\"registry.terraform.io/hashicorp/aws\"]",
      "instances": [
        {
          "schema_version": 0,
          "attributes": {
            "gateway_id": "",
            "id": "rtbassoc-0c44efa3be39f5d79",
            "route_table_id": "rtb-0e77160ce2a3e87f2",
            "subnet_id": "subnet-0ca19a59b209e3e45",
            "timeouts": null
          },
          "sensitive_attributes": [],
          "identity_schema_version": 0,
          "private": "eyJlMmJmYjczMC1lY2FhLTExZTYtOGY4OC0zNDM2M2JjN2M0YzAiOnsiY3JlYXRlIjozMDAwMDAwMDAwMDAsImRlbGV0ZSI6MzAwMDAwMDAwMDAwLCJ1cGRhdGUiOjEyMDAwMDAwMDAwMH19",
          "dependencies": [
            "aws_route_table.private",
            "aws_subnet.private",
            "aws_vpc.main"
          ]
        }
      ]
    },
    {
      "mode": "managed",
      "type": "aws_route_table_association",
      "name": "public",
      "provider": "provider[\"registry.terraform.io/hashicorp/aws\"]",
      "instances": [
        {
          "schema_version": 0,
          "attributes": {
            "gateway_id": "",
            "id": "rtbassoc-0f87b1b690e261948",
            "route_table_id": "rtb-0165e9d1c637a9201",
            "subnet_id": "subnet-0539f5e2d4a0eed76",
            "timeouts": null
          },
          "sensitive_attributes": [],
          "identity_schema_version": 0,
          "private": "eyJlMmJmYjczMC1lY2FhLTExZTYtOGY4OC0zNDM2M2JjN2M0YzAiOnsiY3JlYXRlIjozMDAwMDAwMDAwMDAsImRlbGV0ZSI6MzAwMDAwMDAwMDAwLCJ1cGRhdGUiOjEyMDAwMDAwMDAwMH19",
          "dependencies": [
            "aws_internet_gateway.main",
            "aws_route_table.public",
            "aws_subnet.public",
            "aws_vpc.main"
          ]
        }
      ]
    },
    {
      "mode": "managed",
      "type": "aws_security_group",
      "name": "ec2_backend",
      "provider": "provider[\"registry.terraform.io/hashicorp/aws\"]",
      "instances": [
        {
          "schema_version": 1,
          "attributes": {
            "arn": "arn:aws:ec2:us-east-1:471112634889:security-group/sg-0aab0ca3ef7318cfe",
            "description": "Allow inbound HTTPS and app port; allow all outbound",
            "egress": [
              {
                "cidr_blocks": [
                  "0.0.0.0/0"
                ],
                "description": "",
                "from_port": 0,
                "ipv6_cidr_blocks": [],
                "prefix_list_ids": [],
                "protocol": "-1",
                "security_groups": [],
                "self": false,
                "to_port": 0
              }
            ],
            "id": "sg-0aab0ca3ef7318cfe",
            "ingress": [
              {
                "cidr_blocks": [
                  "0.0.0.0/0"
                ],
                "description": "App port",
                "from_port": 3000,
                "ipv6_cidr_blocks": [],
                "prefix_list_ids": [],
                "protocol": "tcp",
                "security_groups": [],
                "self": false,
                "to_port": 3000
              },
              {
                "cidr_blocks": [
                  "0.0.0.0/0"
                ],
                "description": "HTTPS",
                "from_port": 443,
                "ipv6_cidr_blocks": [],
                "prefix_list_ids": [],
                "protocol": "tcp",
                "security_groups": [],
                "self": false,
                "to_port": 443
              },
              {
                "cidr_blocks": [
                  "0.0.0.0/0"
                ],
                "description": "SSH",
                "from_port": 22,
                "ipv6_cidr_blocks": [],
                "prefix_list_ids": [],
                "protocol": "tcp",
                "security_groups": [],
                "self": false,
                "to_port": 22
              }
            ],
            "name": "codesafe-ec2-backend-sg",
            "name_prefix": "",
            "owner_id": "471112634889",
            "revoke_rules_on_delete": false,
            "tags": {
              "Name": "codesafe-ec2-backend-sg"
            },
            "tags_all": {
              "Name": "codesafe-ec2-backend-sg"
            },
            "timeouts": null,
            "vpc_id": "vpc-04acceeebdbcf33e4"
          },
          "sensitive_attributes": [],
          "identity_schema_version": 0,
          "private": "eyJlMmJmYjczMC1lY2FhLTExZTYtOGY4OC0zNDM2M2JjN2M0YzAiOnsiY3JlYXRlIjo2MDAwMDAwMDAwMDAsImRlbGV0ZSI6OTAwMDAwMDAwMDAwfSwic2NoZW1hX3ZlcnNpb24iOiIxIn0=",
          "dependencies": [
            "aws_vpc.main"
          ]
        }
      ]
    },
    {
      "mode": "managed",
      "type": "aws_security_group",
      "name": "lambda",
      "provider": "provider[\"registry.terraform.io/hashicorp/aws\"]",
      "instances": [
        {
          "schema_version": 1,
          "attributes": {
            "arn": "arn:aws:ec2:us-east-1:471112634889:security-group/sg-07f41c668b63b6018",
            "description": "Lambda functions - outbound only",
            "egress": [
              {
                "cidr_blocks": [
                  "0.0.0.0/0"
                ],
                "description": "",
                "from_port": 0,
                "ipv6_cidr_blocks": [],
                "prefix_list_ids": [],
                "protocol": "-1",
                "security_groups": [],
                "self": false,
                "to_port": 0
              }
            ],
            "id": "sg-07f41c668b63b6018",
            "ingress": [],
            "name": "codesafe-lambda-sg",
            "name_prefix": "",
            "owner_id": "471112634889",
            "revoke_rules_on_delete": false,
            "tags": {
              "Name": "codesafe-lambda-sg"
            },
            "tags_all": {
              "Name": "codesafe-lambda-sg"
            },
            "timeouts": null,
            "vpc_id": "vpc-04acceeebdbcf33e4"
          },
          "sensitive_attributes": [],
          "identity_schema_version": 0,
          "private": "eyJlMmJmYjczMC1lY2FhLTExZTYtOGY4OC0zNDM2M2JjN2M0YzAiOnsiY3JlYXRlIjo2MDAwMDAwMDAwMDAsImRlbGV0ZSI6OTAwMDAwMDAwMDAwfSwic2NoZW1hX3ZlcnNpb24iOiIxIn0=",
          "dependencies": [
            "aws_vpc.main"
          ]
        }
      ]
    },
    {
      "mode": "managed",
      "type": "aws_subnet",
      "name": "private",
      "provider": "provider[\"registry.terraform.io/hashicorp/aws\"]",
      "instances": [
        {
          "schema_version": 1,
          "attributes": {
            "arn": "arn:aws:ec2:us-east-1:471112634889:subnet/subnet-0ca19a59b209e3e45",
            "assign_ipv6_address_on_creation": false,
            "availability_zone": "us-east-1a",
            "availability_zone_id": "use1-az6",
            "cidr_block": "10.0.2.0/24",
            "customer_owned_ipv4_pool": "",
            "enable_dns64": false,
            "enable_lni_at_device_index": 0,
            "enable_resource_name_dns_a_record_on_launch": false,
            "enable_resource_name_dns_aaaa_record_on_launch": false,
            "id": "subnet-0ca19a59b209e3e45",
            "ipv6_cidr_block": "",
            "ipv6_cidr_block_association_id": "",
            "ipv6_native": false,
            "map_customer_owned_ip_on_launch": false,
            "map_public_ip_on_launch": false,
            "outpost_arn": "",
            "owner_id": "471112634889",
            "private_dns_hostname_type_on_launch": "ip-name",
            "tags": {
              "Name": "codesafe-private-subnet"
            },
            "tags_all": {
              "Name": "codesafe-private-subnet"
            },
            "timeouts": null,
            "vpc_id": "vpc-04acceeebdbcf33e4"
          },
          "sensitive_attributes": [],
          "identity_schema_version": 0,
          "private": "eyJlMmJmYjczMC1lY2FhLTExZTYtOGY4OC0zNDM2M2JjN2M0YzAiOnsiY3JlYXRlIjo2MDAwMDAwMDAwMDAsImRlbGV0ZSI6MTIwMDAwMDAwMDAwMH0sInNjaGVtYV92ZXJzaW9uIjoiMSJ9",
          "dependencies": [
            "aws_vpc.main"
          ]
        }
      ]
    },
    {
      "mode": "managed",
      "type": "aws_subnet",
      "name": "public",
      "provider": "provider[\"registry.terraform.io/hashicorp/aws\"]",
      "instances": [
        {
          "schema_version": 1,
          "attributes": {
            "arn": "arn:aws:ec2:us-east-1:471112634889:subnet/subnet-0539f5e2d4a0eed76",
            "assign_ipv6_address_on_creation": false,
            "availability_zone": "us-east-1a",
            "availability_zone_id": "use1-az6",
            "cidr_block": "10.0.1.0/24",
            "customer_owned_ipv4_pool": "",
            "enable_dns64": false,
            "enable_lni_at_device_index": 0,
            "enable_resource_name_dns_a_record_on_launch": false,
            "enable_resource_name_dns_aaaa_record_on_launch": false,
            "id": "subnet-0539f5e2d4a0eed76",
            "ipv6_cidr_block": "",
            "ipv6_cidr_block_association_id": "",
            "ipv6_native": false,
            "map_customer_owned_ip_on_launch": false,
            "map_public_ip_on_launch": true,
            "outpost_arn": "",
            "owner_id": "471112634889",
            "private_dns_hostname_type_on_launch": "ip-name",
            "tags": {
              "Name": "codesafe-public-subnet"
            },
            "tags_all": {
              "Name": "codesafe-public-subnet"
            },
            "timeouts": null,
            "vpc_id": "vpc-04acceeebdbcf33e4"
          },
          "sensitive_attributes": [],
          "identity_schema_version": 0,
          "private": "eyJlMmJmYjczMC1lY2FhLTExZTYtOGY4OC0zNDM2M2JjN2M0YzAiOnsiY3JlYXRlIjo2MDAwMDAwMDAwMDAsImRlbGV0ZSI6MTIwMDAwMDAwMDAwMH0sInNjaGVtYV92ZXJzaW9uIjoiMSJ9",
          "dependencies": [
            "aws_vpc.main"
          ]
        }
      ]
    },
    {
      "mode": "managed",
      "type": "aws_vpc",
      "name": "main",
      "provider": "provider[\"registry.terraform.io/hashicorp/aws\"]",
      "instances": [
        {
          "schema_version": 1,
          "attributes": {
            "arn": "arn:aws:ec2:us-east-1:471112634889:vpc/vpc-04acceeebdbcf33e4",
            "assign_generated_ipv6_cidr_block": false,
            "cidr_block": "10.0.0.0/16",
            "default_network_acl_id": "acl-0100eeea631025421",
            "default_route_table_id": "rtb-057cd23d1cf5062b1",
            "default_security_group_id": "sg-02a22f962a4f490fd",
            "dhcp_options_id": "dopt-03a408e4844a76d8c",
            "enable_dns_hostnames": true,
            "enable_dns_support": true,
            "enable_network_address_usage_metrics": false,
            "id": "vpc-04acceeebdbcf33e4",
            "instance_tenancy": "default",
            "ipv4_ipam_pool_id": null,
            "ipv4_netmask_length": null,
            "ipv6_association_id": "",
            "ipv6_cidr_block": "",
            "ipv6_cidr_block_network_border_group": "",
            "ipv6_ipam_pool_id": "",
            "ipv6_netmask_length": 0,
            "main_route_table_id": "rtb-057cd23d1cf5062b1",
            "owner_id": "471112634889",
            "tags": {
              "Name": "codesafe-vpc"
            },
            "tags_all": {
              "Name": "codesafe-vpc"
            }
          },
          "sensitive_attributes": [],
          "identity_schema_version": 0,
          "private": "eyJzY2hlbWFfdmVyc2lvbiI6IjEifQ=="
        }
      ]
    }
  ],
  "check_results": null
}
